
Microsoft Visual Studio Solution File, Format Version 12.00
# Visual Studio Version 17
VisualStudioVersion = 17.13.35931.197 d17.13
MinimumVisualStudioVersion = 10.0.40219.1
Project("{FAE04EC0-301F-11D3-BF4B-00C04F79EFBC}") = "PictureCrossword", "PictureCrossword\PictureCrossword.csproj", "{D42F468D-445E-4243-BFE8-B60E2F2B4D1A}"
EndProject
Global
	GlobalSection(SolutionConfigurationPlatforms) = preSolution
		Debug|Any CPU = Debug|Any CPU
		Release|Any CPU = Release|Any CPU
	EndGlobalSection
	GlobalSection(ProjectConfigurationPlatforms) = postSolution
		{D42F468D-445E-4243-BFE8-B60E2F2B4D1A}.Debug|Any CPU.ActiveCfg = Debug|Any CPU
		{D42F468D-445E-4243-BFE8-B60E2F2B4D1A}.Debug|Any CPU.Build.0 = Debug|Any CPU
		{D42F468D-445E-4243-BFE8-B60E2F2B4D1A}.Release|Any CPU.ActiveCfg = Release|Any CPU
		{D42F468D-445E-4243-BFE8-B60E2F2B4D1A}.Release|Any CPU.Build.0 = Release|Any CPU
	EndGlobalSection
	GlobalSection(SolutionProperties) = preSolution
		HideSolutionNode = FALSE
	EndGlobalSection
	GlobalSection(ExtensibilityGlobals) = postSolution
		SolutionGuid = {BDE48A99-CFD8-40A3-9C48-E1D3B941057A}
	EndGlobalSection
EndGlobal
